
Microsoft Visual Studio Solution File, Format Version 12.00
# Visual Studio Version 16
VisualStudioVersion = 16.0.29215.179
MinimumVisualStudioVersion = 10.0.40219.1
Project("{FAE04EC0-301F-11D3-BF4B-00C04F79EFBC}") = "PasswordGeneration", "PasswordGeneration\PasswordGeneration.csproj", "{2D014362-153D-4CD6-8A9D-43D6B1B16B33}"
EndProject
Global
	GlobalSection(SolutionConfigurationPlatforms) = preSolution
		Debug|Any CPU = Debug|Any CPU
		Release|Any CPU = Release|Any CPU
	EndGlobalSection
	GlobalSection(ProjectConfigurationPlatforms) = postSolution
		{2D014362-153D-4CD6-8A9D-43D6B1B16B33}.Debug|Any CPU.ActiveCfg = Debug|Any CPU
		{2D014362-153D-4CD6-8A9D-43D6B1B16B33}.Debug|Any CPU.Build.0 = Debug|Any CPU
		{2D014362-153D-4CD6-8A9D-43D6B1B16B33}.Release|Any CPU.ActiveCfg = Release|Any CPU
		{2D014362-153D-4CD6-8A9D-43D6B1B16B33}.Release|Any CPU.Build.0 = Release|Any CPU
	EndGlobalSection
	GlobalSection(SolutionProperties) = preSolution
		HideSolutionNode = FALSE
	EndGlobalSection
	GlobalSection(ExtensibilityGlobals) = postSolution
		SolutionGuid = {BD575451-DFAE-4211-B6AD-FB6F85C6D7E8}
	EndGlobalSection
EndGlobal
